
Microsoft Visual Studio Solution File, Format Version 12.00
# Visual Studio 2013
VisualStudioVersion = 12.0.21005.1
MinimumVisualStudioVersion = 10.0.40219.1
Project("{FAE04EC0-301F-11D3-BF4B-00C04F79EFBC}") = "Sloche", "Sloche\Sloche.csproj", "{32D01C23-7FA4-4D89-9938-47412A3E0CDE}"
EndProject
Global
	GlobalSection(SolutionConfigurationPlatforms) = preSolution
		Debug|Any CPU = Debug|Any CPU
		Release|Any CPU = Release|Any CPU
	EndGlobalSection
	GlobalSection(ProjectConfigurationPlatforms) = postSolution
		{32D01C23-7FA4-4D89-9938-47412A3E0CDE}.Debug|Any CPU.ActiveCfg = Debug|Any CPU
		{32D01C23-7FA4-4D89-9938-47412A3E0CDE}.Debug|Any CPU.Build.0 = Debug|Any CPU
		{32D01C23-7FA4-4D89-9938-47412A3E0CDE}.Debug|Any CPU.Deploy.0 = Debug|Any CPU
		{32D01C23-7FA4-4D89-9938-47412A3E0CDE}.Release|Any CPU.ActiveCfg = Release|Any CPU
		{32D01C23-7FA4-4D89-9938-47412A3E0CDE}.Release|Any CPU.Build.0 = Release|Any CPU
		{32D01C23-7FA4-4D89-9938-47412A3E0CDE}.Release|Any CPU.Deploy.0 = Release|Any CPU
	EndGlobalSection
	GlobalSection(SolutionProperties) = preSolution
		HideSolutionNode = FALSE
	EndGlobalSection
EndGlobal
